
Microsoft Visual Studio Solution File, Format Version 12.00
# Visual Studio Version 17
VisualStudioVersion = 17.5.33516.290
MinimumVisualStudioVersion = 10.0.40219.1
Project("{9A19103F-16F7-4668-BE54-9A1E7A4F7556}") = "SelfHealingSelenium.Tests", "SelfHealingSelenium.Tests\SelfHealingSelenium.Tests.csproj", "{410803C2-911C-4822-9D23-F64CAB8B633A}"
EndProject
Global
	GlobalSection(SolutionConfigurationPlatforms) = preSolution
		Debug|Any CPU = Debug|Any CPU
		Release|Any CPU = Release|Any CPU
	EndGlobalSection
	GlobalSection(ProjectConfigurationPlatforms) = postSolution
		{410803C2-911C-4822-9D23-F64CAB8B633A}.Debug|Any CPU.ActiveCfg = Debug|Any CPU
		{410803C2-911C-4822-9D23-F64CAB8B633A}.Debug|Any CPU.Build.0 = Debug|Any CPU
		{410803C2-911C-4822-9D23-F64CAB8B633A}.Release|Any CPU.ActiveCfg = Release|Any CPU
		{410803C2-911C-4822-9D23-F64CAB8B633A}.Release|Any CPU.Build.0 = Release|Any CPU
	EndGlobalSection
	GlobalSection(SolutionProperties) = preSolution
		HideSolutionNode = FALSE
	EndGlobalSection
	GlobalSection(ExtensibilityGlobals) = postSolution
		SolutionGuid = {EF093A55-3837-4AFC-9F08-25FB32BF3D31}
	EndGlobalSection
EndGlobal
